
Microsoft Visual Studio Solution File, Format Version 12.00
# Visual Studio Version 16
VisualStudioVersion = 16.0.32929.386
MinimumVisualStudioVersion = 10.0.40219.1
Project("{FAE04EC0-301F-11D3-BF4B-00C04F79EFBC}") = "MyAutopilotComponentSpeedPatch", "MyAutopilotComponentSpeedPatch\MyAutopilotComponentSpeedPatch.csproj", "{CB0B5B47-38CD-4662-9C29-65891AD13608}"
EndProject
Global
	GlobalSection(SolutionConfigurationPlatforms) = preSolution
		Debug|Any CPU = Debug|Any CPU
		Release|Any CPU = Release|Any CPU
	EndGlobalSection
	GlobalSection(ProjectConfigurationPlatforms) = postSolution
		{CB0B5B47-38CD-4662-9C29-65891AD13608}.Debug|Any CPU.ActiveCfg = Debug|Any CPU
		{CB0B5B47-38CD-4662-9C29-65891AD13608}.Debug|Any CPU.Build.0 = Debug|Any CPU
		{CB0B5B47-38CD-4662-9C29-65891AD13608}.Release|Any CPU.ActiveCfg = Release|Any CPU
		{CB0B5B47-38CD-4662-9C29-65891AD13608}.Release|Any CPU.Build.0 = Release|Any CPU
	EndGlobalSection
	GlobalSection(SolutionProperties) = preSolution
		HideSolutionNode = FALSE
	EndGlobalSection
	GlobalSection(ExtensibilityGlobals) = postSolution
		SolutionGuid = {F580F37E-9FA4-4E50-BCB6-8DC4D08E8F1C}
	EndGlobalSection
EndGlobal
